
Microsoft Visual Studio Solution File, Format Version 12.00
# Visual Studio Version 17
VisualStudioVersion = 17.9.34616.47
MinimumVisualStudioVersion = 10.0.40219.1
Project("{FAE04EC0-301F-11D3-BF4B-00C04F79EFBC}") = "RexpayLibrary", "RexpayLibrary\RexpayLibrary.csproj", "{0DCFD924-9A89-4DCA-BCF4-4FA4A7737C8A}"
EndProject
Global
	GlobalSection(SolutionConfigurationPlatforms) = preSolution
		Debug|Any CPU = Debug|Any CPU
		Release|Any CPU = Release|Any CPU
	EndGlobalSection
	GlobalSection(ProjectConfigurationPlatforms) = postSolution
		{0DCFD924-9A89-4DCA-BCF4-4FA4A7737C8A}.Debug|Any CPU.ActiveCfg = Debug|Any CPU
		{0DCFD924-9A89-4DCA-BCF4-4FA4A7737C8A}.Debug|Any CPU.Build.0 = Debug|Any CPU
		{0DCFD924-9A89-4DCA-BCF4-4FA4A7737C8A}.Release|Any CPU.ActiveCfg = Release|Any CPU
		{0DCFD924-9A89-4DCA-BCF4-4FA4A7737C8A}.Release|Any CPU.Build.0 = Release|Any CPU
	EndGlobalSection
	GlobalSection(SolutionProperties) = preSolution
		HideSolutionNode = FALSE
	EndGlobalSection
	GlobalSection(ExtensibilityGlobals) = postSolution
		SolutionGuid = {06C74BF5-DB55-4D1C-BADA-CD5B3BD650EA}
	EndGlobalSection
EndGlobal
